// !$*UTF8*$!
{
	archiveVersion = 1;
	classes = {
	};
	objectVersion = 70;
	objects = {

/* Begin PBXBuildFile section */
		C7F727DD2B28C81B0031E069 /* VkFeedTests.swift in Sources */ = {isa = PBXBuildFile; fileRef = C7F727DC2B28C81B0031E069 /* VkFeedTests.swift */; };
		C7F727E72B28C81B0031E069 /* VkFeedUITests.swift in Sources */ = {isa = PBXBuildFile; fileRef = C7F727E62B28C81B0031E069 /* VkFeedUITests.swift */; };
		C7F727E92B28C81B0031E069 /* VkFeedUITestsLaunchTests.swift in Sources */ = {isa = PBXBuildFile; fileRef = C7F727E82B28C81B0031E069 /* VkFeedUITestsLaunchTests.swift */; };
		C7F727F82B28CE7A0031E069 /* VKSdkFramework.xcframework in Frameworks */ = {isa = PBXBuildFile; fileRef = C7F727F72B28CE7A0031E069 /* VKSdkFramework.xcframework */; };
		C7F727F92B28CE7A0031E069 /* VKSdkFramework.xcframework in Embed Frameworks */ = {isa = PBXBuildFile; fileRef = C7F727F72B28CE7A0031E069 /* VKSdkFramework.xcframework */; settings = {ATTRIBUTES = (CodeSignOnCopy, RemoveHeadersOnCopy, ); }; };
/* End PBXBuildFile section */

/* Begin PBXContainerItemProxy section */
		C7F727D92B28C81B0031E069 /* PBXContainerItemProxy */ = {
			isa = PBXContainerItemProxy;
			containerPortal = C7F727BA2B28C81A0031E069 /* Project object */;
			proxyType = 1;
			remoteGlobalIDString = C7F727C12B28C81A0031E069;
			remoteInfo = VkFeed;
		};
		C7F727E32B28C81B0031E069 /* PBXContainerItemProxy */ = {
			isa = PBXContainerItemProxy;
			containerPortal = C7F727BA2B28C81A0031E069 /* Project object */;
			proxyType = 1;
			remoteGlobalIDString = C7F727C12B28C81A0031E069;
			remoteInfo = VkFeed;
		};
/* End PBXContainerItemProxy section */

/* Begin PBXCopyFilesBuildPhase section */
		C7F727FA2B28CE7B0031E069 /* Embed Frameworks */ = {
			isa = PBXCopyFilesBuildPhase;
			buildActionMask = 2147483647;
			dstPath = "";
			dstSubfolderSpec = 10;
			files = (
				C7F727F92B28CE7A0031E069 /* VKSdkFramework.xcframework in Embed Frameworks */,
			);
			name = "Embed Frameworks";
			runOnlyForDeploymentPostprocessing = 0;
		};
/* End PBXCopyFilesBuildPhase section */

/* Begin PBXFileReference section */
		C7F727C22B28C81A0031E069 /* VkFeed.app */ = {isa = PBXFileReference; explicitFileType = wrapper.application; includeInIndex = 0; path = VkFeed.app; sourceTree = BUILT_PRODUCTS_DIR; };
		C7F727D82B28C81B0031E069 /* VkFeedTests.xctest */ = {isa = PBXFileReference; explicitFileType = wrapper.cfbundle; includeInIndex = 0; path = VkFeedTests.xctest; sourceTree = BUILT_PRODUCTS_DIR; };
		C7F727DC2B28C81B0031E069 /* VkFeedTests.swift */ = {isa = PBXFileReference; lastKnownFileType = sourcecode.swift; path = VkFeedTests.swift; sourceTree = "<group>"; };
		C7F727E22B28C81B0031E069 /* VkFeedUITests.xctest */ = {isa = PBXFileReference; explicitFileType = wrapper.cfbundle; includeInIndex = 0; path = VkFeedUITests.xctest; sourceTree = BUILT_PRODUCTS_DIR; };
		C7F727E62B28C81B0031E069 /* VkFeedUITests.swift */ = {isa = PBXFileReference; lastKnownFileType = sourcecode.swift; path = VkFeedUITests.swift; sourceTree = "<group>"; };
		C7F727E82B28C81B0031E069 /* VkFeedUITestsLaunchTests.swift */ = {isa = PBXFileReference; lastKnownFileType = sourcecode.swift; path = VkFeedUITestsLaunchTests.swift; sourceTree = "<group>"; };
		C7F727F72B28CE7A0031E069 /* VKSdkFramework.xcframework */ = {isa = PBXFileReference; lastKnownFileType = wrapper.xcframework; name = VKSdkFramework.xcframework; path = Carthage/Build/VKSdkFramework.xcframework; sourceTree = "<group>"; };
/* End PBXFileReference section */

/* Begin PBXFileSystemSynchronizedBuildFileExceptionSet section */
		48A057862D4631FD00207EF3 /* PBXFileSystemSynchronizedBuildFileExceptionSet */ = {
			isa = PBXFileSystemSynchronizedBuildFileExceptionSet;
			membershipExceptions = (
				Info.plist,
			);
			target = C7F727C12B28C81A0031E069 /* VkFeed */;
		};
/* End PBXFileSystemSynchronizedBuildFileExceptionSet section */

/* Begin PBXFileSystemSynchronizedRootGroup section */
		48A0575C2D4631FD00207EF3 /* VkFeed */ = {isa = PBXFileSystemSynchronizedRootGroup; exceptions = (48A057862D4631FD00207EF3 /* PBXFileSystemSynchronizedBuildFileExceptionSet */, ); explicitFileTypes = {}; explicitFolders = (); path = VkFeed; sourceTree = "<group>"; };
/* End PBXFileSystemSynchronizedRootGroup section */

/* Begin PBXFrameworksBuildPhase section */
		C7F727BF2B28C81A0031E069 /* Frameworks */ = {
			isa = PBXFrameworksBuildPhase;
			buildActionMask = 2147483647;
			files = (
				C7F727F82B28CE7A0031E069 /* VKSdkFramework.xcframework in Frameworks */,
			);
			runOnlyForDeploymentPostprocessing = 0;
		};
		C7F727D52B28C81B0031E069 /* Frameworks */ = {
			isa = PBXFrameworksBuildPhase;
			buildActionMask = 2147483647;
			files = (
			);
			runOnlyForDeploymentPostprocessing = 0;
		};
		C7F727DF2B28C81B0031E069 /* Frameworks */ = {
			isa = PBXFrameworksBuildPhase;
			buildActionMask = 2147483647;
			files = (
			);
			runOnlyForDeploymentPostprocessing = 0;
		};
/* End PBXFrameworksBuildPhase section */

/* Begin PBXGroup section */
		C7F727B92B28C81A0031E069 = {
			isa = PBXGroup;
			children = (
				48A0575C2D4631FD00207EF3 /* VkFeed */,
				C7F727DB2B28C81B0031E069 /* VkFeedTests */,
				C7F727E52B28C81B0031E069 /* VkFeedUITests */,
				C7F727C32B28C81A0031E069 /* Products */,
				C7F727F62B28CE7A0031E069 /* Frameworks */,
			);
			sourceTree = "<group>";
		};
		C7F727C32B28C81A0031E069 /* Products */ = {
			isa = PBXGroup;
			children = (
				C7F727C22B28C81A0031E069 /* VkFeed.app */,
				C7F727D82B28C81B0031E069 /* VkFeedTests.xctest */,
				C7F727E22B28C81B0031E069 /* VkFeedUITests.xctest */,
			);
			name = Products;
			sourceTree = "<group>";
		};
		C7F727DB2B28C81B0031E069 /* VkFeedTests */ = {
			isa = PBXGroup;
			children = (
				C7F727DC2B28C81B0031E069 /* VkFeedTests.swift */,
			);
			path = VkFeedTests;
			sourceTree = "<group>";
		};
		C7F727E52B28C81B0031E069 /* VkFeedUITests */ = {
			isa = PBXGroup;
			children = (
				C7F727E62B28C81B0031E069 /* VkFeedUITests.swift */,
				C7F727E82B28C81B0031E069 /* VkFeedUITestsLaunchTests.swift */,
			);
			path = VkFeedUITests;
			sourceTree = "<group>";
		};
		C7F727F62B28CE7A0031E069 /* Frameworks */ = {
			isa = PBXGroup;
			children = (
				C7F727F72B28CE7A0031E069 /* VKSdkFramework.xcframework */,
			);
			name = Frameworks;
			sourceTree = "<group>";
		};
/* End PBXGroup section */

/* Begin PBXNativeTarget section */
		C7F727C12B28C81A0031E069 /* VkFeed */ = {
			isa = PBXNativeTarget;
			buildConfigurationList = C7F727EC2B28C81B0031E069 /* Build configuration list for PBXNativeTarget "VkFeed" */;
			buildPhases = (
				C7F727BE2B28C81A0031E069 /* Sources */,
				C7F727BF2B28C81A0031E069 /* Frameworks */,
				C7F727C02B28C81A0031E069 /* Resources */,
				C7F727F52B28CDAD0031E069 /* ShellScript */,
				C7F727FA2B28CE7B0031E069 /* Embed Frameworks */,
			);
			buildRules = (
			);
			dependencies = (
			);
			fileSystemSynchronizedGroups = (
				48A0575C2D4631FD00207EF3 /* VkFeed */,
			);
			name = VkFeed;
			productName = VkFeed;
			productReference = C7F727C22B28C81A0031E069 /* VkFeed.app */;
			productType = "com.apple.product-type.application";
		};
		C7F727D72B28C81B0031E069 /* VkFeedTests */ = {
			isa = PBXNativeTarget;
			buildConfigurationList = C7F727EF2B28C81B0031E069 /* Build configuration list for PBXNativeTarget "VkFeedTests" */;
			buildPhases = (
				C7F727D42B28C81B0031E069 /* Sources */,
				C7F727D52B28C81B0031E069 /* Frameworks */,
				C7F727D62B28C81B0031E069 /* Resources */,
			);
			buildRules = (
			);
			dependencies = (
				C7F727DA2B28C81B0031E069 /* PBXTargetDependency */,
			);
			name = VkFeedTests;
			productName = VkFeedTests;
			productReference = C7F727D82B28C81B0031E069 /* VkFeedTests.xctest */;
			productType = "com.apple.product-type.bundle.unit-test";
		};
		C7F727E12B28C81B0031E069 /* VkFeedUITests */ = {
			isa = PBXNativeTarget;
			buildConfigurationList = C7F727F22B28C81B0031E069 /* Build configuration list for PBXNativeTarget "VkFeedUITests" */;
			buildPhases = (
				C7F727DE2B28C81B0031E069 /* Sources */,
				C7F727DF2B28C81B0031E069 /* Frameworks */,
				C7F727E02B28C81B0031E069 /* Resources */,
			);
			buildRules = (
			);
			dependencies = (
				C7F727E42B28C81B0031E069 /* PBXTargetDependency */,
			);
			name = VkFeedUITests;
			productName = VkFeedUITests;
			productReference = C7F727E22B28C81B0031E069 /* VkFeedUITests.xctest */;
			productType = "com.apple.product-type.bundle.ui-testing";
		};
/* End PBXNativeTarget section */

/* Begin PBXProject section */
		C7F727BA2B28C81A0031E069 /* Project object */ = {
			isa = PBXProject;
			attributes = {
				BuildIndependentTargetsInParallel = 1;
				LastSwiftUpdateCheck = 1510;
				LastUpgradeCheck = 1620;
				TargetAttributes = {
					C7F727C12B28C81A0031E069 = {
						CreatedOnToolsVersion = 15.1;
					};
					C7F727D72B28C81B0031E069 = {
						CreatedOnToolsVersion = 15.1;
						TestTargetID = C7F727C12B28C81A0031E069;
					};
					C7F727E12B28C81B0031E069 = {
						CreatedOnToolsVersion = 15.1;
						TestTargetID = C7F727C12B28C81A0031E069;
					};
				};
			};
			buildConfigurationList = C7F727BD2B28C81A0031E069 /* Build configuration list for PBXProject "VkFeed" */;
			compatibilityVersion = "Xcode 14.0";
			developmentRegion = en;
			hasScannedForEncodings = 0;
			knownRegions = (
				en,
				Base,
				ru,
			);
			mainGroup = C7F727B92B28C81A0031E069;
			productRefGroup = C7F727C32B28C81A0031E069 /* Products */;
			projectDirPath = "";
			projectRoot = "";
			targets = (
				C7F727C12B28C81A0031E069 /* VkFeed */,
				C7F727D72B28C81B0031E069 /* VkFeedTests */,
				C7F727E12B28C81B0031E069 /* VkFeedUITests */,
			);
		};
/* End PBXProject section */

/* Begin PBXResourcesBuildPhase section */
		C7F727C02B28C81A0031E069 /* Resources */ = {
			isa = PBXResourcesBuildPhase;
			buildActionMask = 2147483647;
			files = (
			);
			runOnlyForDeploymentPostprocessing = 0;
		};
		C7F727D62B28C81B0031E069 /* Resources */ = {
			isa = PBXResourcesBuildPhase;
			buildActionMask = 2147483647;
			files = (
			);
			runOnlyForDeploymentPostprocessing = 0;
		};
		C7F727E02B28C81B0031E069 /* Resources */ = {
			isa = PBXResourcesBuildPhase;
			buildActionMask = 2147483647;
			files = (
			);
			runOnlyForDeploymentPostprocessing = 0;
		};
/* End PBXResourcesBuildPhase section */

/* Begin PBXShellScriptBuildPhase section */
		C7F727F52B28CDAD0031E069 /* ShellScript */ = {
			isa = PBXShellScriptBuildPhase;
			buildActionMask = 2147483647;
			files = (
			);
			inputFileListPaths = (
			);
			inputPaths = (
				"$(SRCROOT)/Carthage/Build/iOS/VKSdkFramework.framework",
			);
			outputFileListPaths = (
			);
			outputPaths = (
			);
			runOnlyForDeploymentPostprocessing = 0;
			shellPath = /bin/sh;
			shellScript = "
";
		};
/* End PBXShellScriptBuildPhase section */

/* Begin PBXSourcesBuildPhase section */
		C7F727BE2B28C81A0031E069 /* Sources */ = {
			isa = PBXSourcesBuildPhase;
			buildActionMask = 2147483647;
			files = (
			);
			runOnlyForDeploymentPostprocessing = 0;
		};
		C7F727D42B28C81B0031E069 /* Sources */ = {
			isa = PBXSourcesBuildPhase;
			buildActionMask = 2147483647;
			files = (
				C7F727DD2B28C81B0031E069 /* VkFeedTests.swift in Sources */,
			);
			runOnlyForDeploymentPostprocessing = 0;
		};
		C7F727DE2B28C81B0031E069 /* Sources */ = {
			isa = PBXSourcesBuildPhase;
			buildActionMask = 2147483647;
			files = (
				C7F727E72B28C81B0031E069 /* VkFeedUITests.swift in Sources */,
				C7F727E92B28C81B0031E069 /* VkFeedUITestsLaunchTests.swift in Sources */,
			);
			runOnlyForDeploymentPostprocessing = 0;
		};
/* End PBXSourcesBuildPhase section */

/* Begin PBXTargetDependency section */
		C7F727DA2B28C81B0031E069 /* PBXTargetDependency */ = {
			isa = PBXTargetDependency;
			target = C7F727C12B28C81A0031E069 /* VkFeed */;
			targetProxy = C7F727D92B28C81B0031E069 /* PBXContainerItemProxy */;
		};
		C7F727E42B28C81B0031E069 /* PBXTargetDependency */ = {
			isa = PBXTargetDependency;
			target = C7F727C12B28C81A0031E069 /* VkFeed */;
			targetProxy = C7F727E32B28C81B0031E069 /* PBXContainerItemProxy */;
		};
/* End PBXTargetDependency section */

/* Begin XCBuildConfiguration section */
		C7F727EA2B28C81B0031E069 /* Debug */ = {
			isa = XCBuildConfiguration;
			buildSettings = {
				ALWAYS_SEARCH_USER_PATHS = NO;
				ASSETCATALOG_COMPILER_GENERATE_SWIFT_ASSET_SYMBOL_EXTENSIONS = YES;
				CLANG_ANALYZER_LOCALIZABILITY_NONLOCALIZED = YES;
				CLANG_ANALYZER_NONNULL = YES;
				CLANG_ANALYZER_NUMBER_OBJECT_CONVERSION = YES_AGGRESSIVE;
				CLANG_CXX_LANGUAGE_STANDARD = "gnu++20";
				CLANG_ENABLE_MODULES = YES;
				CLANG_ENABLE_OBJC_ARC = YES;
				CLANG_ENABLE_OBJC_WEAK = YES;
				CLANG_WARN_BLOCK_CAPTURE_AUTORELEASING = YES;
				CLANG_WARN_BOOL_CONVERSION = YES;
				CLANG_WARN_COMMA = YES;
				CLANG_WARN_CONSTANT_CONVERSION = YES;
				CLANG_WARN_DEPRECATED_OBJC_IMPLEMENTATIONS = YES;
				CLANG_WARN_DIRECT_OBJC_ISA_USAGE = YES_ERROR;
				CLANG_WARN_DOCUMENTATION_COMMENTS = YES;
				CLANG_WARN_EMPTY_BODY = YES;
				CLANG_WARN_ENUM_CONVERSION = YES;
				CLANG_WARN_INFINITE_RECURSION = YES;
				CLANG_WARN_INT_CONVERSION = YES;
				CLANG_WARN_NON_LITERAL_NULL_CONVERSION = YES;
				CLANG_WARN_OBJC_IMPLICIT_RETAIN_SELF = YES;
				CLANG_WARN_OBJC_LITERAL_CONVERSION = YES;
				CLANG_WARN_OBJC_ROOT_CLASS = YES_ERROR;
				CLANG_WARN_QUOTED_INCLUDE_IN_FRAMEWORK_HEADER = YES;
				CLANG_WARN_RANGE_LOOP_ANALYSIS = YES;
				CLANG_WARN_STRICT_PROTOTYPES = YES;
				CLANG_WARN_SUSPICIOUS_MOVE = YES;
				CLANG_WARN_UNGUARDED_AVAILABILITY = YES_AGGRESSIVE;
				CLANG_WARN_UNREACHABLE_CODE = YES;
				CLANG_WARN__DUPLICATE_METHOD_MATCH = YES;
				COPY_PHASE_STRIP = NO;
				DEBUG_INFORMATION_FORMAT = dwarf;
				ENABLE_STRICT_OBJC_MSGSEND = YES;
				ENABLE_TESTABILITY = YES;
				ENABLE_USER_SCRIPT_SANDBOXING = NO;
				GCC_C_LANGUAGE_STANDARD = gnu17;
				GCC_DYNAMIC_NO_PIC = NO;
				GCC_NO_COMMON_BLOCKS = YES;
				GCC_OPTIMIZATION_LEVEL = 0;
				GCC_PREPROCESSOR_DEFINITIONS = (
					"DEBUG=1",
					"$(inherited)",
				);
				GCC_WARN_64_TO_32_BIT_CONVERSION = YES;
				GCC_WARN_ABOUT_RETURN_TYPE = YES_ERROR;
				GCC_WARN_UNDECLARED_SELECTOR = YES;
				GCC_WARN_UNINITIALIZED_AUTOS = YES_AGGRESSIVE;
				GCC_WARN_UNUSED_FUNCTION = YES;
				GCC_WARN_UNUSED_VARIABLE = YES;
				IPHONEOS_DEPLOYMENT_TARGET = 17.2;
				LOCALIZATION_PREFERS_STRING_CATALOGS = YES;
				MTL_ENABLE_DEBUG_INFO = INCLUDE_SOURCE;
				MTL_FAST_MATH = YES;
				ONLY_ACTIVE_ARCH = YES;
				SDKROOT = iphoneos;
				SWIFT_ACTIVE_COMPILATION_CONDITIONS = "DEBUG $(inherited)";
				SWIFT_EMIT_LOC_STRINGS = YES;
				SWIFT_OPTIMIZATION_LEVEL = "-Onone";
			};
			name = Debug;
		};
		C7F727EB2B28C81B0031E069 /* Release */ = {
			isa = XCBuildConfiguration;
			buildSettings = {
				ALWAYS_SEARCH_USER_PATHS = NO;
				ASSETCATALOG_COMPILER_GENERATE_SWIFT_ASSET_SYMBOL_EXTENSIONS = YES;
				CLANG_ANALYZER_LOCALIZABILITY_NONLOCALIZED = YES;
				CLANG_ANALYZER_NONNULL = YES;
				CLANG_ANALYZER_NUMBER_OBJECT_CONVERSION = YES_AGGRESSIVE;
				CLANG_CXX_LANGUAGE_STANDARD = "gnu++20";
				CLANG_ENABLE_MODULES = YES;
				CLANG_ENABLE_OBJC_ARC = YES;
				CLANG_ENABLE_OBJC_WEAK = YES;
				CLANG_WARN_BLOCK_CAPTURE_AUTORELEASING = YES;
				CLANG_WARN_BOOL_CONVERSION = YES;
				CLANG_WARN_COMMA = YES;
				CLANG_WARN_CONSTANT_CONVERSION = YES;
				CLANG_WARN_DEPRECATED_OBJC_IMPLEMENTATIONS = YES;
				CLANG_WARN_DIRECT_OBJC_ISA_USAGE = YES_ERROR;
				CLANG_WARN_DOCUMENTATION_COMMENTS = YES;
				CLANG_WARN_EMPTY_BODY = YES;
				CLANG_WARN_ENUM_CONVERSION = YES;
				CLANG_WARN_INFINITE_RECURSION = YES;
				CLANG_WARN_INT_CONVERSION = YES;
				CLANG_WARN_NON_LITERAL_NULL_CONVERSION = YES;
				CLANG_WARN_OBJC_IMPLICIT_RETAIN_SELF = YES;
				CLANG_WARN_OBJC_LITERAL_CONVERSION = YES;
				CLANG_WARN_OBJC_ROOT_CLASS = YES_ERROR;
				CLANG_WARN_QUOTED_INCLUDE_IN_FRAMEWORK_HEADER = YES;
				CLANG_WARN_RANGE_LOOP_ANALYSIS = YES;
				CLANG_WARN_STRICT_PROTOTYPES = YES;
				CLANG_WARN_SUSPICIOUS_MOVE = YES;
				CLANG_WARN_UNGUARDED_AVAILABILITY = YES_AGGRESSIVE;
				CLANG_WARN_UNREACHABLE_CODE = YES;
				CLANG_WARN__DUPLICATE_METHOD_MATCH = YES;
				COPY_PHASE_STRIP = NO;
				DEBUG_INFORMATION_FORMAT = "dwarf-with-dsym";
				ENABLE_NS_ASSERTIONS = NO;
				ENABLE_STRICT_OBJC_MSGSEND = YES;
				ENABLE_USER_SCRIPT_SANDBOXING = NO;
				GCC_C_LANGUAGE_STANDARD = gnu17;
				GCC_NO_COMMON_BLOCKS = YES;
				GCC_WARN_64_TO_32_BIT_CONVERSION = YES;
				GCC_WARN_ABOUT_RETURN_TYPE = YES_ERROR;
				GCC_WARN_UNDECLARED_SELECTOR = YES;
				GCC_WARN_UNINITIALIZED_AUTOS = YES_AGGRESSIVE;
				GCC_WARN_UNUSED_FUNCTION = YES;
				GCC_WARN_UNUSED_VARIABLE = YES;
				IPHONEOS_DEPLOYMENT_TARGET = 17.2;
				LOCALIZATION_PREFERS_STRING_CATALOGS = YES;
				MTL_ENABLE_DEBUG_INFO = NO;
				MTL_FAST_MATH = YES;
				SDKROOT = iphoneos;
				SWIFT_COMPILATION_MODE = wholemodule;
				SWIFT_EMIT_LOC_STRINGS = YES;
				VALIDATE_PRODUCT = YES;
			};
			name = Release;
		};
		C7F727ED2B28C81B0031E069 /* Debug */ = {
			isa = XCBuildConfiguration;
			buildSettings = {
				ASSETCATALOG_COMPILER_APPICON_NAME = AppIcon;
				ASSETCATALOG_COMPILER_GLOBAL_ACCENT_COLOR_NAME = AccentColor;
				CODE_SIGN_STYLE = Automatic;
				CURRENT_PROJECT_VERSION = 1;
				DEVELOPMENT_TEAM = 64AZK77CJ5;
				GENERATE_INFOPLIST_FILE = YES;
				INFOPLIST_FILE = VkFeed/Info.plist;
				INFOPLIST_KEY_UIApplicationSupportsIndirectInputEvents = YES;
				INFOPLIST_KEY_UILaunchStoryboardName = LaunchScreen.storyboard;
				INFOPLIST_KEY_UIMainStoryboardFile = "";
				INFOPLIST_KEY_UISupportedInterfaceOrientations = "UIInterfaceOrientationLandscapeLeft UIInterfaceOrientationLandscapeRight UIInterfaceOrientationPortrait";
				INFOPLIST_KEY_UISupportedInterfaceOrientations_iPad = "UIInterfaceOrientationLandscapeLeft UIInterfaceOrientationLandscapeRight UIInterfaceOrientationPortrait UIInterfaceOrientationPortraitUpsideDown";
				IPHONEOS_DEPLOYMENT_TARGET = 17.0;
				LD_RUNPATH_SEARCH_PATHS = (
					"$(inherited)",
					"@executable_path/Frameworks",
				);
				MARKETING_VERSION = 1.0;
				PRODUCT_BUNDLE_IDENTIFIER = IlyaPavl.VkFeed;
				PRODUCT_NAME = "$(TARGET_NAME)";
				SUPPORTED_PLATFORMS = "iphoneos iphonesimulator";
				SUPPORTS_MACCATALYST = NO;
				SUPPORTS_MAC_DESIGNED_FOR_IPHONE_IPAD = NO;
				SWIFT_EMIT_LOC_STRINGS = YES;
				SWIFT_VERSION = 5.0;
				TARGETED_DEVICE_FAMILY = 1;
			};
			name = Debug;
		};
		C7F727EE2B28C81B0031E069 /* Release */ = {
			isa = XCBuildConfiguration;
			buildSettings = {
				ASSETCATALOG_COMPILER_APPICON_NAME = AppIcon;
				ASSETCATALOG_COMPILER_GLOBAL_ACCENT_COLOR_NAME = AccentColor;
				CODE_SIGN_STYLE = Automatic;
				CURRENT_PROJECT_VERSION = 1;
				DEVELOPMENT_TEAM = 64AZK77CJ5;
				GENERATE_INFOPLIST_FILE = YES;
				INFOPLIST_FILE = VkFeed/Info.plist;
				INFOPLIST_KEY_UIApplicationSupportsIndirectInputEvents = YES;
				INFOPLIST_KEY_UILaunchStoryboardName = LaunchScreen.storyboard;
				INFOPLIST_KEY_UIMainStoryboardFile = "";
				INFOPLIST_KEY_UISupportedInterfaceOrientations = "UIInterfaceOrientationLandscapeLeft UIInterfaceOrientationLandscapeRight UIInterfaceOrientationPortrait";
				INFOPLIST_KEY_UISupportedInterfaceOrientations_iPad = "UIInterfaceOrientationLandscapeLeft UIInterfaceOrientationLandscapeRight UIInterfaceOrientationPortrait UIInterfaceOrientationPortraitUpsideDown";
				IPHONEOS_DEPLOYMENT_TARGET = 17.0;
				LD_RUNPATH_SEARCH_PATHS = (
					"$(inherited)",
					"@executable_path/Frameworks",
				);
				MARKETING_VERSION = 1.0;
				PRODUCT_BUNDLE_IDENTIFIER = IlyaPavl.VkFeed;
				PRODUCT_NAME = "$(TARGET_NAME)";
				SUPPORTED_PLATFORMS = "iphoneos iphonesimulator";
				SUPPORTS_MACCATALYST = NO;
				SUPPORTS_MAC_DESIGNED_FOR_IPHONE_IPAD = NO;
				SWIFT_EMIT_LOC_STRINGS = YES;
				SWIFT_VERSION = 5.0;
				TARGETED_DEVICE_FAMILY = 1;
			};
			name = Release;
		};
		C7F727F02B28C81B0031E069 /* Debug */ = {
			isa = XCBuildConfiguration;
			buildSettings = {
				BUNDLE_LOADER = "$(TEST_HOST)";
				CODE_SIGN_STYLE = Automatic;
				CURRENT_PROJECT_VERSION = 1;
				DEVELOPMENT_TEAM = U5U8485L4C;
				GENERATE_INFOPLIST_FILE = YES;
				IPHONEOS_DEPLOYMENT_TARGET = 17.2;
				MARKETING_VERSION = 1.0;
				PRODUCT_BUNDLE_IDENTIFIER = IlyaPavl.VkFeedTests;
				PRODUCT_NAME = "$(TARGET_NAME)";
				SWIFT_EMIT_LOC_STRINGS = NO;
				SWIFT_VERSION = 5.0;
				TARGETED_DEVICE_FAMILY = "1,2";
				TEST_HOST = "$(BUILT_PRODUCTS_DIR)/VkFeed.app/$(BUNDLE_EXECUTABLE_FOLDER_PATH)/VkFeed";
			};
			name = Debug;
		};
		C7F727F12B28C81B0031E069 /* Release */ = {
			isa = XCBuildConfiguration;
			buildSettings = {
				BUNDLE_LOADER = "$(TEST_HOST)";
				CODE_SIGN_STYLE = Automatic;
				CURRENT_PROJECT_VERSION = 1;
				DEVELOPMENT_TEAM = U5U8485L4C;
				GENERATE_INFOPLIST_FILE = YES;
				IPHONEOS_DEPLOYMENT_TARGET = 17.2;
				MARKETING_VERSION = 1.0;
				PRODUCT_BUNDLE_IDENTIFIER = IlyaPavl.VkFeedTests;
				PRODUCT_NAME = "$(TARGET_NAME)";
				SWIFT_EMIT_LOC_STRINGS = NO;
				SWIFT_VERSION = 5.0;
				TARGETED_DEVICE_FAMILY = "1,2";
				TEST_HOST = "$(BUILT_PRODUCTS_DIR)/VkFeed.app/$(BUNDLE_EXECUTABLE_FOLDER_PATH)/VkFeed";
			};
			name = Release;
		};
		C7F727F32B28C81B0031E069 /* Debug */ = {
			isa = XCBuildConfiguration;
			buildSettings = {
				CODE_SIGN_STYLE = Automatic;
				CURRENT_PROJECT_VERSION = 1;
				DEVELOPMENT_TEAM = U5U8485L4C;
				GENERATE_INFOPLIST_FILE = YES;
				MARKETING_VERSION = 1.0;
				PRODUCT_BUNDLE_IDENTIFIER = IlyaPavl.VkFeedUITests;
				PRODUCT_NAME = "$(TARGET_NAME)";
				SWIFT_EMIT_LOC_STRINGS = NO;
				SWIFT_VERSION = 5.0;
				TARGETED_DEVICE_FAMILY = "1,2";
				TEST_TARGET_NAME = VkFeed;
			};
			name = Debug;
		};
		C7F727F42B28C81B0031E069 /* Release */ = {
			isa = XCBuildConfiguration;
			buildSettings = {
				CODE_SIGN_STYLE = Automatic;
				CURRENT_PROJECT_VERSION = 1;
				DEVELOPMENT_TEAM = U5U8485L4C;
				GENERATE_INFOPLIST_FILE = YES;
				MARKETING_VERSION = 1.0;
				PRODUCT_BUNDLE_IDENTIFIER = IlyaPavl.VkFeedUITests;
				PRODUCT_NAME = "$(TARGET_NAME)";
				SWIFT_EMIT_LOC_STRINGS = NO;
				SWIFT_VERSION = 5.0;
				TARGETED_DEVICE_FAMILY = "1,2";
				TEST_TARGET_NAME = VkFeed;
			};
			name = Release;
		};
/* End XCBuildConfiguration section */

/* Begin XCConfigurationList section */
		C7F727BD2B28C81A0031E069 /* Build configuration list for PBXProject "VkFeed" */ = {
			isa = XCConfigurationList;
			buildConfigurations = (
				C7F727EA2B28C81B0031E069 /* Debug */,
				C7F727EB2B28C81B0031E069 /* Release */,
			);
			defaultConfigurationIsVisible = 0;
			defaultConfigurationName = Release;
		};
		C7F727EC2B28C81B0031E069 /* Build configuration list for PBXNativeTarget "VkFeed" */ = {
			isa = XCConfigurationList;
			buildConfigurations = (
				C7F727ED2B28C81B0031E069 /* Debug */,
				C7F727EE2B28C81B0031E069 /* Release */,
			);
			defaultConfigurationIsVisible = 0;
			defaultConfigurationName = Release;
		};
		C7F727EF2B28C81B0031E069 /* Build configuration list for PBXNativeTarget "VkFeedTests" */ = {
			isa = XCConfigurationList;
			buildConfigurations = (
				C7F727F02B28C81B0031E069 /* Debug */,
				C7F727F12B28C81B0031E069 /* Release */,
			);
			defaultConfigurationIsVisible = 0;
			defaultConfigurationName = Release;
		};
		C7F727F22B28C81B0031E069 /* Build configuration list for PBXNativeTarget "VkFeedUITests" */ = {
			isa = XCConfigurationList;
			buildConfigurations = (
				C7F727F32B28C81B0031E069 /* Debug */,
				C7F727F42B28C81B0031E069 /* Release */,
			);
			defaultConfigurationIsVisible = 0;
			defaultConfigurationName = Release;
		};
/* End XCConfigurationList section */
	};
	rootObject = C7F727BA2B28C81A0031E069 /* Project object */;
}
